
Microsoft Visual Studio Solution File, Format Version 12.00
# Visual Studio Version 16
VisualStudioVersion = 16.0.30503.244
MinimumVisualStudioVersion = 10.0.40219.1
Project("{9A19103F-16F7-4668-BE54-9A1E7A4F7556}") = "LibMS.DataAccess", "LibMS.DataAccess\LibMS.DataAccess.csproj", "{F49EACDC-4D9B-4D7E-8AA9-9FDCF736987D}"
EndProject
Project("{9A19103F-16F7-4668-BE54-9A1E7A4F7556}") = "LibMS.Entity", "LibMS.Entity\LibMS.Entity.csproj", "{AF57DE29-1A59-48EB-A6C6-665845B87045}"
EndProject
Project("{9A19103F-16F7-4668-BE54-9A1E7A4F7556}") = "LibMS.Infrastructure", "LibMS.Infrastructure\LibMS.Infrastructure.csproj", "{DC64D928-E128-4E53-9ED2-93901B10A3BE}"
EndProject
Project("{9A19103F-16F7-4668-BE54-9A1E7A4F7556}") = "LibMS.Repository", "LibMS.Repository\LibMS.Repository.csproj", "{1E3EA959-D3BC-4540-9A73-FFAFC9AE0CD1}"
EndProject
Project("{9A19103F-16F7-4668-BE54-9A1E7A4F7556}") = "LibMS.Services", "LibMS.Services\LibMS.Services.csproj", "{AA244EE9-3F04-45FE-B628-78EA20125CA4}"
EndProject
Project("{9A19103F-16F7-4668-BE54-9A1E7A4F7556}") = "LibMS.Api", "LibMS.Api\LibMS.Api.csproj", "{3413A673-B172-4A4E-95C6-E8BE8DEA77D2}"
EndProject
Project("{9A19103F-16F7-4668-BE54-9A1E7A4F7556}") = "LibMSTest", "LibMSTest\LibMSTest.csproj", "{9D7FF01F-5C5A-4AD1-B641-980492FA64FE}"
EndProject
Global
	GlobalSection(SolutionConfigurationPlatforms) = preSolution
		Debug|Any CPU = Debug|Any CPU
		Release|Any CPU = Release|Any CPU
	EndGlobalSection
	GlobalSection(ProjectConfigurationPlatforms) = postSolution
		{F49EACDC-4D9B-4D7E-8AA9-9FDCF736987D}.Debug|Any CPU.ActiveCfg = Debug|Any CPU
		{F49EACDC-4D9B-4D7E-8AA9-9FDCF736987D}.Debug|Any CPU.Build.0 = Debug|Any CPU
		{F49EACDC-4D9B-4D7E-8AA9-9FDCF736987D}.Release|Any CPU.ActiveCfg = Release|Any CPU
		{F49EACDC-4D9B-4D7E-8AA9-9FDCF736987D}.Release|Any CPU.Build.0 = Release|Any CPU
		{AF57DE29-1A59-48EB-A6C6-665845B87045}.Debug|Any CPU.ActiveCfg = Debug|Any CPU
		{AF57DE29-1A59-48EB-A6C6-665845B87045}.Debug|Any CPU.Build.0 = Debug|Any CPU
		{AF57DE29-1A59-48EB-A6C6-665845B87045}.Release|Any CPU.ActiveCfg = Release|Any CPU
		{AF57DE29-1A59-48EB-A6C6-665845B87045}.Release|Any CPU.Build.0 = Release|Any CPU
		{DC64D928-E128-4E53-9ED2-93901B10A3BE}.Debug|Any CPU.ActiveCfg = Debug|Any CPU
		{DC64D928-E128-4E53-9ED2-93901B10A3BE}.Debug|Any CPU.Build.0 = Debug|Any CPU
		{DC64D928-E128-4E53-9ED2-93901B10A3BE}.Release|Any CPU.ActiveCfg = Release|Any CPU
		{DC64D928-E128-4E53-9ED2-93901B10A3BE}.Release|Any CPU.Build.0 = Release|Any CPU
		{1E3EA959-D3BC-4540-9A73-FFAFC9AE0CD1}.Debug|Any CPU.ActiveCfg = Debug|Any CPU
		{1E3EA959-D3BC-4540-9A73-FFAFC9AE0CD1}.Debug|Any CPU.Build.0 = Debug|Any CPU
		{1E3EA959-D3BC-4540-9A73-FFAFC9AE0CD1}.Release|Any CPU.ActiveCfg = Release|Any CPU
		{1E3EA959-D3BC-4540-9A73-FFAFC9AE0CD1}.Release|Any CPU.Build.0 = Release|Any CPU
		{AA244EE9-3F04-45FE-B628-78EA20125CA4}.Debug|Any CPU.ActiveCfg = Debug|Any CPU
		{AA244EE9-3F04-45FE-B628-78EA20125CA4}.Debug|Any CPU.Build.0 = Debug|Any CPU
		{AA244EE9-3F04-45FE-B628-78EA20125CA4}.Release|Any CPU.ActiveCfg = Release|Any CPU
		{AA244EE9-3F04-45FE-B628-78EA20125CA4}.Release|Any CPU.Build.0 = Release|Any CPU
		{3413A673-B172-4A4E-95C6-E8BE8DEA77D2}.Debug|Any CPU.ActiveCfg = Debug|Any CPU
		{3413A673-B172-4A4E-95C6-E8BE8DEA77D2}.Debug|Any CPU.Build.0 = Debug|Any CPU
		{3413A673-B172-4A4E-95C6-E8BE8DEA77D2}.Release|Any CPU.ActiveCfg = Release|Any CPU
		{3413A673-B172-4A4E-95C6-E8BE8DEA77D2}.Release|Any CPU.Build.0 = Release|Any CPU
		{9D7FF01F-5C5A-4AD1-B641-980492FA64FE}.Debug|Any CPU.ActiveCfg = Debug|Any CPU
		{9D7FF01F-5C5A-4AD1-B641-980492FA64FE}.Debug|Any CPU.Build.0 = Debug|Any CPU
		{9D7FF01F-5C5A-4AD1-B641-980492FA64FE}.Release|Any CPU.ActiveCfg = Release|Any CPU
		{9D7FF01F-5C5A-4AD1-B641-980492FA64FE}.Release|Any CPU.Build.0 = Release|Any CPU
	EndGlobalSection
	GlobalSection(SolutionProperties) = preSolution
		HideSolutionNode = FALSE
	EndGlobalSection
	GlobalSection(ExtensibilityGlobals) = postSolution
		SolutionGuid = {87390BCE-0885-4B1B-B45F-F312F245E689}
	EndGlobalSection
EndGlobal
