
Microsoft Visual Studio Solution File, Format Version 12.00
# Visual Studio Version 16
VisualStudioVersion = 16.0.30503.244
MinimumVisualStudioVersion = 15.0.26124.0
Project("{9A19103F-16F7-4668-BE54-9A1E7A4F7556}") = "LibMS.App", "LibMS.App\LibMS.App.csproj", "{423088C0-FC8E-4264-9D6D-951D8CFAADD2}"
EndProject
Project("{9A19103F-16F7-4668-BE54-9A1E7A4F7556}") = "LibMS.Test", "LibMS.Test\LibMS.Test.csproj", "{1C8E5EF9-5890-467D-BD7F-C2216B8ED041}"
EndProject
Project("{FAE04EC0-301F-11D3-BF4B-00C04F79EFBC}") = "LibMS.Api", "LibMS.Api\LibMS.Api.csproj", "{1BCF5DDD-307C-4EA0-A490-3C8B2DF0398A}"
EndProject
Project("{9A19103F-16F7-4668-BE54-9A1E7A4F7556}") = "LibMS.DataAccess", "LibMS.DataAccess\LibMS.DataAccess.csproj", "{E3CCFF20-ECCB-46D7-9EB9-F7F8572FDC83}"
EndProject
Project("{9A19103F-16F7-4668-BE54-9A1E7A4F7556}") = "LibMS.Entity", "LibMS.Entity\LibMS.Entity.csproj", "{DD1A9A2B-1695-4266-B580-D0485723545F}"
EndProject
Project("{9A19103F-16F7-4668-BE54-9A1E7A4F7556}") = "LibMS.Infrastructure", "LibMS.Infrastructure\LibMS.Infrastructure.csproj", "{D13D6127-FC4E-40B6-A497-A9458D6A7DCF}"
EndProject
Project("{9A19103F-16F7-4668-BE54-9A1E7A4F7556}") = "LibMS.Repository", "LibMS.Repository\LibMS.Repository.csproj", "{2F77B8BA-CC7D-4560-82A1-F2B3DB6F0224}"
EndProject
Project("{9A19103F-16F7-4668-BE54-9A1E7A4F7556}") = "LibMS.Services", "LibMS.Services\LibMS.Services.csproj", "{11F0E9E4-E385-4EC5-A7C9-58153B339EE3}"
EndProject
Global
	GlobalSection(SolutionConfigurationPlatforms) = preSolution
		Debug|Any CPU = Debug|Any CPU
		Debug|x64 = Debug|x64
		Debug|x86 = Debug|x86
		Release|Any CPU = Release|Any CPU
		Release|x64 = Release|x64
		Release|x86 = Release|x86
	EndGlobalSection
	GlobalSection(ProjectConfigurationPlatforms) = postSolution
		{423088C0-FC8E-4264-9D6D-951D8CFAADD2}.Debug|Any CPU.ActiveCfg = Debug|Any CPU
		{423088C0-FC8E-4264-9D6D-951D8CFAADD2}.Debug|Any CPU.Build.0 = Debug|Any CPU
		{423088C0-FC8E-4264-9D6D-951D8CFAADD2}.Debug|x64.ActiveCfg = Debug|Any CPU
		{423088C0-FC8E-4264-9D6D-951D8CFAADD2}.Debug|x64.Build.0 = Debug|Any CPU
		{423088C0-FC8E-4264-9D6D-951D8CFAADD2}.Debug|x86.ActiveCfg = Debug|Any CPU
		{423088C0-FC8E-4264-9D6D-951D8CFAADD2}.Debug|x86.Build.0 = Debug|Any CPU
		{423088C0-FC8E-4264-9D6D-951D8CFAADD2}.Release|Any CPU.ActiveCfg = Release|Any CPU
		{423088C0-FC8E-4264-9D6D-951D8CFAADD2}.Release|Any CPU.Build.0 = Release|Any CPU
		{423088C0-FC8E-4264-9D6D-951D8CFAADD2}.Release|x64.ActiveCfg = Release|Any CPU
		{423088C0-FC8E-4264-9D6D-951D8CFAADD2}.Release|x64.Build.0 = Release|Any CPU
		{423088C0-FC8E-4264-9D6D-951D8CFAADD2}.Release|x86.ActiveCfg = Release|Any CPU
		{423088C0-FC8E-4264-9D6D-951D8CFAADD2}.Release|x86.Build.0 = Release|Any CPU
		{1C8E5EF9-5890-467D-BD7F-C2216B8ED041}.Debug|Any CPU.ActiveCfg = Debug|Any CPU
		{1C8E5EF9-5890-467D-BD7F-C2216B8ED041}.Debug|Any CPU.Build.0 = Debug|Any CPU
		{1C8E5EF9-5890-467D-BD7F-C2216B8ED041}.Debug|x64.ActiveCfg = Debug|Any CPU
		{1C8E5EF9-5890-467D-BD7F-C2216B8ED041}.Debug|x64.Build.0 = Debug|Any CPU
		{1C8E5EF9-5890-467D-BD7F-C2216B8ED041}.Debug|x86.ActiveCfg = Debug|Any CPU
		{1C8E5EF9-5890-467D-BD7F-C2216B8ED041}.Debug|x86.Build.0 = Debug|Any CPU
		{1C8E5EF9-5890-467D-BD7F-C2216B8ED041}.Release|Any CPU.ActiveCfg = Release|Any CPU
		{1C8E5EF9-5890-467D-BD7F-C2216B8ED041}.Release|Any CPU.Build.0 = Release|Any CPU
		{1C8E5EF9-5890-467D-BD7F-C2216B8ED041}.Release|x64.ActiveCfg = Release|Any CPU
		{1C8E5EF9-5890-467D-BD7F-C2216B8ED041}.Release|x64.Build.0 = Release|Any CPU
		{1C8E5EF9-5890-467D-BD7F-C2216B8ED041}.Release|x86.ActiveCfg = Release|Any CPU
		{1C8E5EF9-5890-467D-BD7F-C2216B8ED041}.Release|x86.Build.0 = Release|Any CPU
		{1BCF5DDD-307C-4EA0-A490-3C8B2DF0398A}.Debug|Any CPU.ActiveCfg = Debug|Any CPU
		{1BCF5DDD-307C-4EA0-A490-3C8B2DF0398A}.Debug|Any CPU.Build.0 = Debug|Any CPU
		{1BCF5DDD-307C-4EA0-A490-3C8B2DF0398A}.Debug|x64.ActiveCfg = Debug|Any CPU
		{1BCF5DDD-307C-4EA0-A490-3C8B2DF0398A}.Debug|x64.Build.0 = Debug|Any CPU
		{1BCF5DDD-307C-4EA0-A490-3C8B2DF0398A}.Debug|x86.ActiveCfg = Debug|Any CPU
		{1BCF5DDD-307C-4EA0-A490-3C8B2DF0398A}.Debug|x86.Build.0 = Debug|Any CPU
		{1BCF5DDD-307C-4EA0-A490-3C8B2DF0398A}.Release|Any CPU.ActiveCfg = Release|Any CPU
		{1BCF5DDD-307C-4EA0-A490-3C8B2DF0398A}.Release|Any CPU.Build.0 = Release|Any CPU
		{1BCF5DDD-307C-4EA0-A490-3C8B2DF0398A}.Release|x64.ActiveCfg = Release|Any CPU
		{1BCF5DDD-307C-4EA0-A490-3C8B2DF0398A}.Release|x64.Build.0 = Release|Any CPU
		{1BCF5DDD-307C-4EA0-A490-3C8B2DF0398A}.Release|x86.ActiveCfg = Release|Any CPU
		{1BCF5DDD-307C-4EA0-A490-3C8B2DF0398A}.Release|x86.Build.0 = Release|Any CPU
		{E3CCFF20-ECCB-46D7-9EB9-F7F8572FDC83}.Debug|Any CPU.ActiveCfg = Debug|Any CPU
		{E3CCFF20-ECCB-46D7-9EB9-F7F8572FDC83}.Debug|Any CPU.Build.0 = Debug|Any CPU
		{E3CCFF20-ECCB-46D7-9EB9-F7F8572FDC83}.Debug|x64.ActiveCfg = Debug|Any CPU
		{E3CCFF20-ECCB-46D7-9EB9-F7F8572FDC83}.Debug|x64.Build.0 = Debug|Any CPU
		{E3CCFF20-ECCB-46D7-9EB9-F7F8572FDC83}.Debug|x86.ActiveCfg = Debug|Any CPU
		{E3CCFF20-ECCB-46D7-9EB9-F7F8572FDC83}.Debug|x86.Build.0 = Debug|Any CPU
		{E3CCFF20-ECCB-46D7-9EB9-F7F8572FDC83}.Release|Any CPU.ActiveCfg = Release|Any CPU
		{E3CCFF20-ECCB-46D7-9EB9-F7F8572FDC83}.Release|Any CPU.Build.0 = Release|Any CPU
		{E3CCFF20-ECCB-46D7-9EB9-F7F8572FDC83}.Release|x64.ActiveCfg = Release|Any CPU
		{E3CCFF20-ECCB-46D7-9EB9-F7F8572FDC83}.Release|x64.Build.0 = Release|Any CPU
		{E3CCFF20-ECCB-46D7-9EB9-F7F8572FDC83}.Release|x86.ActiveCfg = Release|Any CPU
		{E3CCFF20-ECCB-46D7-9EB9-F7F8572FDC83}.Release|x86.Build.0 = Release|Any CPU
		{DD1A9A2B-1695-4266-B580-D0485723545F}.Debug|Any CPU.ActiveCfg = Debug|Any CPU
		{DD1A9A2B-1695-4266-B580-D0485723545F}.Debug|Any CPU.Build.0 = Debug|Any CPU
		{DD1A9A2B-1695-4266-B580-D0485723545F}.Debug|x64.ActiveCfg = Debug|Any CPU
		{DD1A9A2B-1695-4266-B580-D0485723545F}.Debug|x64.Build.0 = Debug|Any CPU
		{DD1A9A2B-1695-4266-B580-D0485723545F}.Debug|x86.ActiveCfg = Debug|Any CPU
		{DD1A9A2B-1695-4266-B580-D0485723545F}.Debug|x86.Build.0 = Debug|Any CPU
		{DD1A9A2B-1695-4266-B580-D0485723545F}.Release|Any CPU.ActiveCfg = Release|Any CPU
		{DD1A9A2B-1695-4266-B580-D0485723545F}.Release|Any CPU.Build.0 = Release|Any CPU
		{DD1A9A2B-1695-4266-B580-D0485723545F}.Release|x64.ActiveCfg = Release|Any CPU
		{DD1A9A2B-1695-4266-B580-D0485723545F}.Release|x64.Build.0 = Release|Any CPU
		{DD1A9A2B-1695-4266-B580-D0485723545F}.Release|x86.ActiveCfg = Release|Any CPU
		{DD1A9A2B-1695-4266-B580-D0485723545F}.Release|x86.Build.0 = Release|Any CPU
		{D13D6127-FC4E-40B6-A497-A9458D6A7DCF}.Debug|Any CPU.ActiveCfg = Debug|Any CPU
		{D13D6127-FC4E-40B6-A497-A9458D6A7DCF}.Debug|Any CPU.Build.0 = Debug|Any CPU
		{D13D6127-FC4E-40B6-A497-A9458D6A7DCF}.Debug|x64.ActiveCfg = Debug|Any CPU
		{D13D6127-FC4E-40B6-A497-A9458D6A7DCF}.Debug|x64.Build.0 = Debug|Any CPU
		{D13D6127-FC4E-40B6-A497-A9458D6A7DCF}.Debug|x86.ActiveCfg = Debug|Any CPU
		{D13D6127-FC4E-40B6-A497-A9458D6A7DCF}.Debug|x86.Build.0 = Debug|Any CPU
		{D13D6127-FC4E-40B6-A497-A9458D6A7DCF}.Release|Any CPU.ActiveCfg = Release|Any CPU
		{D13D6127-FC4E-40B6-A497-A9458D6A7DCF}.Release|Any CPU.Build.0 = Release|Any CPU
		{D13D6127-FC4E-40B6-A497-A9458D6A7DCF}.Release|x64.ActiveCfg = Release|Any CPU
		{D13D6127-FC4E-40B6-A497-A9458D6A7DCF}.Release|x64.Build.0 = Release|Any CPU
		{D13D6127-FC4E-40B6-A497-A9458D6A7DCF}.Release|x86.ActiveCfg = Release|Any CPU
		{D13D6127-FC4E-40B6-A497-A9458D6A7DCF}.Release|x86.Build.0 = Release|Any CPU
		{2F77B8BA-CC7D-4560-82A1-F2B3DB6F0224}.Debug|Any CPU.ActiveCfg = Debug|Any CPU
		{2F77B8BA-CC7D-4560-82A1-F2B3DB6F0224}.Debug|Any CPU.Build.0 = Debug|Any CPU
		{2F77B8BA-CC7D-4560-82A1-F2B3DB6F0224}.Debug|x64.ActiveCfg = Debug|Any CPU
		{2F77B8BA-CC7D-4560-82A1-F2B3DB6F0224}.Debug|x64.Build.0 = Debug|Any CPU
		{2F77B8BA-CC7D-4560-82A1-F2B3DB6F0224}.Debug|x86.ActiveCfg = Debug|Any CPU
		{2F77B8BA-CC7D-4560-82A1-F2B3DB6F0224}.Debug|x86.Build.0 = Debug|Any CPU
		{2F77B8BA-CC7D-4560-82A1-F2B3DB6F0224}.Release|Any CPU.ActiveCfg = Release|Any CPU
		{2F77B8BA-CC7D-4560-82A1-F2B3DB6F0224}.Release|Any CPU.Build.0 = Release|Any CPU
		{2F77B8BA-CC7D-4560-82A1-F2B3DB6F0224}.Release|x64.ActiveCfg = Release|Any CPU
		{2F77B8BA-CC7D-4560-82A1-F2B3DB6F0224}.Release|x64.Build.0 = Release|Any CPU
		{2F77B8BA-CC7D-4560-82A1-F2B3DB6F0224}.Release|x86.ActiveCfg = Release|Any CPU
		{2F77B8BA-CC7D-4560-82A1-F2B3DB6F0224}.Release|x86.Build.0 = Release|Any CPU
		{11F0E9E4-E385-4EC5-A7C9-58153B339EE3}.Debug|Any CPU.ActiveCfg = Debug|Any CPU
		{11F0E9E4-E385-4EC5-A7C9-58153B339EE3}.Debug|Any CPU.Build.0 = Debug|Any CPU
		{11F0E9E4-E385-4EC5-A7C9-58153B339EE3}.Debug|x64.ActiveCfg = Debug|Any CPU
		{11F0E9E4-E385-4EC5-A7C9-58153B339EE3}.Debug|x64.Build.0 = Debug|Any CPU
		{11F0E9E4-E385-4EC5-A7C9-58153B339EE3}.Debug|x86.ActiveCfg = Debug|Any CPU
		{11F0E9E4-E385-4EC5-A7C9-58153B339EE3}.Debug|x86.Build.0 = Debug|Any CPU
		{11F0E9E4-E385-4EC5-A7C9-58153B339EE3}.Release|Any CPU.ActiveCfg = Release|Any CPU
		{11F0E9E4-E385-4EC5-A7C9-58153B339EE3}.Release|Any CPU.Build.0 = Release|Any CPU
		{11F0E9E4-E385-4EC5-A7C9-58153B339EE3}.Release|x64.ActiveCfg = Release|Any CPU
		{11F0E9E4-E385-4EC5-A7C9-58153B339EE3}.Release|x64.Build.0 = Release|Any CPU
		{11F0E9E4-E385-4EC5-A7C9-58153B339EE3}.Release|x86.ActiveCfg = Release|Any CPU
		{11F0E9E4-E385-4EC5-A7C9-58153B339EE3}.Release|x86.Build.0 = Release|Any CPU
	EndGlobalSection
	GlobalSection(SolutionProperties) = preSolution
		HideSolutionNode = FALSE
	EndGlobalSection
	GlobalSection(ExtensibilityGlobals) = postSolution
		SolutionGuid = {C0D97887-F3BC-48B7-9CC4-3B90D4A838F1}
	EndGlobalSection
EndGlobal
